
Microsoft Visual Studio Solution File, Format Version 12.00
# Visual Studio Version 16
VisualStudioVersion = 16.0.31613.86
MinimumVisualStudioVersion = 10.0.40219.1
Project("{9A19103F-16F7-4668-BE54-9A1E7A4F7556}") = "DevTest.OrderCalculator.Core", "DevTest.OrderCalculator.Core\DevTest.OrderCalculator.Core.csproj", "{956A9EBD-F2FB-443E-B0D8-794D3B44F5FD}"
EndProject
Project("{9A19103F-16F7-4668-BE54-9A1E7A4F7556}") = "DevTest.OrderCalculator.Core.Tests", "DevTest.OrderCalculator.Core.Tests\DevTest.OrderCalculator.Core.Tests.csproj", "{FE1388C6-F1E9-427E-BACF-C450D57F96AE}"
EndProject
Global
	GlobalSection(SolutionConfigurationPlatforms) = preSolution
		Debug|Any CPU = Debug|Any CPU
		Release|Any CPU = Release|Any CPU
	EndGlobalSection
	GlobalSection(ProjectConfigurationPlatforms) = postSolution
		{956A9EBD-F2FB-443E-B0D8-794D3B44F5FD}.Debug|Any CPU.ActiveCfg = Debug|Any CPU
		{956A9EBD-F2FB-443E-B0D8-794D3B44F5FD}.Debug|Any CPU.Build.0 = Debug|Any CPU
		{956A9EBD-F2FB-443E-B0D8-794D3B44F5FD}.Release|Any CPU.ActiveCfg = Release|Any CPU
		{956A9EBD-F2FB-443E-B0D8-794D3B44F5FD}.Release|Any CPU.Build.0 = Release|Any CPU
		{FE1388C6-F1E9-427E-BACF-C450D57F96AE}.Debug|Any CPU.ActiveCfg = Debug|Any CPU
		{FE1388C6-F1E9-427E-BACF-C450D57F96AE}.Debug|Any CPU.Build.0 = Debug|Any CPU
		{FE1388C6-F1E9-427E-BACF-C450D57F96AE}.Release|Any CPU.ActiveCfg = Release|Any CPU
		{FE1388C6-F1E9-427E-BACF-C450D57F96AE}.Release|Any CPU.Build.0 = Release|Any CPU
	EndGlobalSection
	GlobalSection(SolutionProperties) = preSolution
		HideSolutionNode = FALSE
	EndGlobalSection
	GlobalSection(ExtensibilityGlobals) = postSolution
		SolutionGuid = {EC03E525-2298-4DD4-B975-33148BB7AFBB}
	EndGlobalSection
EndGlobal
